// !$*UTF8*$!
{
	archiveVersion = 1;
	classes = {
	};
	objectVersion = 46;
	objects = {

/* Begin PBXBuildFile section */
		1864A02F1BFDC6EF0033F03D /* AppDelegate.swift in Sources */ = {isa = PBXBuildFile; fileRef = 1864A02E1BFDC6EF0033F03D /* AppDelegate.swift */; };
		1864A0311BFDC6EF0033F03D /* ViewController.swift in Sources */ = {isa = PBXBuildFile; fileRef = 1864A0301BFDC6EF0033F03D /* ViewController.swift */; };
		1864A0341BFDC6EF0033F03D /* Main.storyboard in Resources */ = {isa = PBXBuildFile; fileRef = 1864A0321BFDC6EF0033F03D /* Main.storyboard */; };
		1864A0361BFDC6EF0033F03D /* Assets.xcassets in Resources */ = {isa = PBXBuildFile; fileRef = 1864A0351BFDC6EF0033F03D /* Assets.xcassets */; };
		1864A0391BFDC6EF0033F03D /* LaunchScreen.storyboard in Resources */ = {isa = PBXBuildFile; fileRef = 1864A0371BFDC6EF0033F03D /* LaunchScreen.storyboard */; };
		1864A0441BFDC6EF0033F03D /* helloTests.swift in Sources */ = {isa = PBXBuildFile; fileRef = 1864A0431BFDC6EF0033F03D /* helloTests.swift */; };
		1864A04F1BFDC6EF0033F03D /* helloUITests.swift in Sources */ = {isa = PBXBuildFile; fileRef = 1864A04E1BFDC6EF0033F03D /* helloUITests.swift */; };
/* End PBXBuildFile section */

/* Begin PBXContainerItemProxy section */
		1864A0401BFDC6EF0033F03D /* PBXContainerItemProxy */ = {
			isa = PBXContainerItemProxy;
			containerPortal = 1864A0231BFDC6EE0033F03D /* Project object */;
			proxyType = 1;
			remoteGlobalIDString = 1864A02A1BFDC6EF0033F03D;
			remoteInfo = hello;
		};
		1864A04B1BFDC6EF0033F03D /* PBXContainerItemProxy */ = {
			isa = PBXContainerItemProxy;
			containerPortal = 1864A0231BFDC6EE0033F03D /* Project object */;
			proxyType = 1;
			remoteGlobalIDString = 1864A02A1BFDC6EF0033F03D;
			remoteInfo = hello;
		};
/* End PBXContainerItemProxy section */

/* Begin PBXFileReference section */
		1864A02B1BFDC6EF0033F03D /* hello.app */ = {isa = PBXFileReference; explicitFileType = wrapper.application; includeInIndex = 0; path = hello.app; sourceTree = BUILT_PRODUCTS_DIR; };
		1864A02E1BFDC6EF0033F03D /* AppDelegate.swift */ = {isa = PBXFileReference; lastKnownFileType = sourcecode.swift; path = AppDelegate.swift; sourceTree = "<group>"; };
		1864A0301BFDC6EF0033F03D /* ViewController.swift */ = {isa = PBXFileReference; lastKnownFileType = sourcecode.swift; path = ViewController.swift; sourceTree = "<group>"; };
		1864A0331BFDC6EF0033F03D /* Base */ = {isa = PBXFileReference; lastKnownFileType = file.storyboard; name = Base; path = Base.lproj/Main.storyboard; sourceTree = "<group>"; };
		1864A0351BFDC6EF0033F03D /* Assets.xcassets */ = {isa = PBXFileReference; lastKnownFileType = folder.assetcatalog; path = Assets.xcassets; sourceTree = "<group>"; };
		1864A0381BFDC6EF0033F03D /* Base */ = {isa = PBXFileReference; lastKnownFileType = file.storyboard; name = Base; path = Base.lproj/LaunchScreen.storyboard; sourceTree = "<group>"; };
		1864A03A1BFDC6EF0033F03D /* Info.plist */ = {isa = PBXFileReference; lastKnownFileType = text.plist.xml; path = Info.plist; sourceTree = "<group>"; };
		1864A03F1BFDC6EF0033F03D /* helloTests.xctest */ = {isa = PBXFileReference; explicitFileType = wrapper.cfbundle; includeInIndex = 0; path = helloTests.xctest; sourceTree = BUILT_PRODUCTS_DIR; };
		1864A0431BFDC6EF0033F03D /* helloTests.swift */ = {isa = PBXFileReference; lastKnownFileType = sourcecode.swift; path = helloTests.swift; sourceTree = "<group>"; };
		1864A0451BFDC6EF0033F03D /* Info.plist */ = {isa = PBXFileReference; lastKnownFileType = text.plist.xml; path = Info.plist; sourceTree = "<group>"; };
		1864A04A1BFDC6EF0033F03D /* helloUITests.xctest */ = {isa = PBXFileReference; explicitFileType = wrapper.cfbundle; includeInIndex = 0; path = helloUITests.xctest; sourceTree = BUILT_PRODUCTS_DIR; };
		1864A04E1BFDC6EF0033F03D /* helloUITests.swift */ = {isa = PBXFileReference; lastKnownFileType = sourcecode.swift; path = helloUITests.swift; sourceTree = "<group>"; };
		1864A0501BFDC6EF0033F03D /* Info.plist */ = {isa = PBXFileReference; lastKnownFileType = text.plist.xml; path = Info.plist; sourceTree = "<group>"; };
/* End PBXFileReference section */

/* Begin PBXFrameworksBuildPhase section */
		1864A0281BFDC6EF0033F03D /* Frameworks */ = {
			isa = PBXFrameworksBuildPhase;
			buildActionMask = 2147483647;
			files = (
			);
			runOnlyForDeploymentPostprocessing = 0;
		};
		1864A03C1BFDC6EF0033F03D /* Frameworks */ = {
			isa = PBXFrameworksBuildPhase;
			buildActionMask = 2147483647;
			files = (
			);
			runOnlyForDeploymentPostprocessing = 0;
		};
		1864A0471BFDC6EF0033F03D /* Frameworks */ = {
			isa = PBXFrameworksBuildPhase;
			buildActionMask = 2147483647;
			files = (
			);
			runOnlyForDeploymentPostprocessing = 0;
		};
/* End PBXFrameworksBuildPhase section */

/* Begin PBXGroup section */
		1864A0221BFDC6EE0033F03D = {
			isa = PBXGroup;
			children = (
				1864A02D1BFDC6EF0033F03D /* hello */,
				1864A0421BFDC6EF0033F03D /* helloTests */,
				1864A04D1BFDC6EF0033F03D /* helloUITests */,
				1864A02C1BFDC6EF0033F03D /* Products */,
			);
			sourceTree = "<group>";
		};
		1864A02C1BFDC6EF0033F03D /* Products */ = {
			isa = PBXGroup;
			children = (
				1864A02B1BFDC6EF0033F03D /* hello.app */,
				1864A03F1BFDC6EF0033F03D /* helloTests.xctest */,
				1864A04A1BFDC6EF0033F03D /* helloUITests.xctest */,
			);
			name = Products;
			sourceTree = "<group>";
		};
		1864A02D1BFDC6EF0033F03D /* hello */ = {
			isa = PBXGroup;
			children = (
				1864A02E1BFDC6EF0033F03D /* AppDelegate.swift */,
				1864A0301BFDC6EF0033F03D /* ViewController.swift */,
				1864A0321BFDC6EF0033F03D /* Main.storyboard */,
				1864A0351BFDC6EF0033F03D /* Assets.xcassets */,
				1864A0371BFDC6EF0033F03D /* LaunchScreen.storyboard */,
				1864A03A1BFDC6EF0033F03D /* Info.plist */,
			);
			path = hello;
			sourceTree = "<group>";
		};
		1864A0421BFDC6EF0033F03D /* helloTests */ = {
			isa = PBXGroup;
			children = (
				1864A0431BFDC6EF0033F03D /* helloTests.swift */,
				1864A0451BFDC6EF0033F03D /* Info.plist */,
			);
			path = helloTests;
			sourceTree = "<group>";
		};
		1864A04D1BFDC6EF0033F03D /* helloUITests */ = {
			isa = PBXGroup;
			children = (
				1864A04E1BFDC6EF0033F03D /* helloUITests.swift */,
				1864A0501BFDC6EF0033F03D /* Info.plist */,
			);
			path = helloUITests;
			sourceTree = "<group>";
		};
/* End PBXGroup section */

/* Begin PBXNativeTarget section */
		1864A02A1BFDC6EF0033F03D /* hello */ = {
			isa = PBXNativeTarget;
			buildConfigurationList = 1864A0531BFDC6EF0033F03D /* Build configuration list for PBXNativeTarget "hello" */;
			buildPhases = (
				1864A0271BFDC6EF0033F03D /* Sources */,
				1864A0281BFDC6EF0033F03D /* Frameworks */,
				1864A0291BFDC6EF0033F03D /* Resources */,
			);
			buildRules = (
			);
			dependencies = (
			);
			name = hello;
			productName = hello;
			productReference = 1864A02B1BFDC6EF0033F03D /* hello.app */;
			productType = "com.apple.product-type.application";
		};
		1864A03E1BFDC6EF0033F03D /* helloTests */ = {
			isa = PBXNativeTarget;
			buildConfigurationList = 1864A0561BFDC6EF0033F03D /* Build configuration list for PBXNativeTarget "helloTests" */;
			buildPhases = (
				1864A03B1BFDC6EF0033F03D /* Sources */,
				1864A03C1BFDC6EF0033F03D /* Frameworks */,
				1864A03D1BFDC6EF0033F03D /* Resources */,
			);
			buildRules = (
			);
			dependencies = (
				1864A0411BFDC6EF0033F03D /* PBXTargetDependency */,
			);
			name = helloTests;
			productName = helloTests;
			productReference = 1864A03F1BFDC6EF0033F03D /* helloTests.xctest */;
			productType = "com.apple.product-type.bundle.unit-test";
		};
		1864A0491BFDC6EF0033F03D /* helloUITests */ = {
			isa = PBXNativeTarget;
			buildConfigurationList = 1864A0591BFDC6EF0033F03D /* Build configuration list for PBXNativeTarget "helloUITests" */;
			buildPhases = (
				1864A0461BFDC6EF0033F03D /* Sources */,
				1864A0471BFDC6EF0033F03D /* Frameworks */,
				1864A0481BFDC6EF0033F03D /* Resources */,
			);
			buildRules = (
			);
			dependencies = (
				1864A04C1BFDC6EF0033F03D /* PBXTargetDependency */,
			);
			name = helloUITests;
			productName = helloUITests;
			productReference = 1864A04A1BFDC6EF0033F03D /* helloUITests.xctest */;
			productType = "com.apple.product-type.bundle.ui-testing";
		};
/* End PBXNativeTarget section */

/* Begin PBXProject section */
		1864A0231BFDC6EE0033F03D /* Project object */ = {
			isa = PBXProject;
			attributes = {
				LastUpgradeCheck = 0710;
				ORGANIZATIONNAME = hy;
				TargetAttributes = {
					1864A02A1BFDC6EF0033F03D = {
						CreatedOnToolsVersion = 7.1;
					};
					1864A03E1BFDC6EF0033F03D = {
						CreatedOnToolsVersion = 7.1;
						TestTargetID = 1864A02A1BFDC6EF0033F03D;
					};
					1864A0491BFDC6EF0033F03D = {
						CreatedOnToolsVersion = 7.1;
						TestTargetID = 1864A02A1BFDC6EF0033F03D;
					};
				};
			};
			buildConfigurationList = 1864A0261BFDC6EE0033F03D /* Build configuration list for PBXProject "hello" */;
			compatibilityVersion = "Xcode 3.2";
			developmentRegion = English;
			hasScannedForEncodings = 0;
			knownRegions = (
				en,
				Base,
			);
			mainGroup = 1864A0221BFDC6EE0033F03D;
			productRefGroup = 1864A02C1BFDC6EF0033F03D /* Products */;
			projectDirPath = "";
			projectRoot = "";
			targets = (
				1864A02A1BFDC6EF0033F03D /* hello */,
				1864A03E1BFDC6EF0033F03D /* helloTests */,
				1864A0491BFDC6EF0033F03D /* helloUITests */,
			);
		};
/* End PBXProject section */

/* Begin PBXResourcesBuildPhase section */
		1864A0291BFDC6EF0033F03D /* Resources */ = {
			isa = PBXResourcesBuildPhase;
			buildActionMask = 2147483647;
			files = (
				1864A0391BFDC6EF0033F03D /* LaunchScreen.storyboard in Resources */,
				1864A0361BFDC6EF0033F03D /* Assets.xcassets in Resources */,
				1864A0341BFDC6EF0033F03D /* Main.storyboard in Resources */,
			);
			runOnlyForDeploymentPostprocessing = 0;
		};
		1864A03D1BFDC6EF0033F03D /* Resources */ = {
			isa = PBXResourcesBuildPhase;
			buildActionMask = 2147483647;
			files = (
			);
			runOnlyForDeploymentPostprocessing = 0;
		};
		1864A0481BFDC6EF0033F03D /* Resources */ = {
			isa = PBXResourcesBuildPhase;
			buildActionMask = 2147483647;
			files = (
			);
			runOnlyForDeploymentPostprocessing = 0;
		};
/* End PBXResourcesBuildPhase section */

/* Begin PBXSourcesBuildPhase section */
		1864A0271BFDC6EF0033F03D /* Sources */ = {
			isa = PBXSourcesBuildPhase;
			buildActionMask = 2147483647;
			files = (
				1864A0311BFDC6EF0033F03D /* ViewController.swift in Sources */,
				1864A02F1BFDC6EF0033F03D /* AppDelegate.swift in Sources */,
			);
			runOnlyForDeploymentPostprocessing = 0;
		};
		1864A03B1BFDC6EF0033F03D /* Sources */ = {
			isa = PBXSourcesBuildPhase;
			buildActionMask = 2147483647;
			files = (
				1864A0441BFDC6EF0033F03D /* helloTests.swift in Sources */,
			);
			runOnlyForDeploymentPostprocessing = 0;
		};
		1864A0461BFDC6EF0033F03D /* Sources */ = {
			isa = PBXSourcesBuildPhase;
			buildActionMask = 2147483647;
			files = (
				1864A04F1BFDC6EF0033F03D /* helloUITests.swift in Sources */,
			);
			runOnlyForDeploymentPostprocessing = 0;
		};
/* End PBXSourcesBuildPhase section */

/* Begin PBXTargetDependency section */
		1864A0411BFDC6EF0033F03D /* PBXTargetDependency */ = {
			isa = PBXTargetDependency;
			target = 1864A02A1BFDC6EF0033F03D /* hello */;
			targetProxy = 1864A0401BFDC6EF0033F03D /* PBXContainerItemProxy */;
		};
		1864A04C1BFDC6EF0033F03D /* PBXTargetDependency */ = {
			isa = PBXTargetDependency;
			target = 1864A02A1BFDC6EF0033F03D /* hello */;
			targetProxy = 1864A04B1BFDC6EF0033F03D /* PBXContainerItemProxy */;
		};
/* End PBXTargetDependency section */

/* Begin PBXVariantGroup section */
		1864A0321BFDC6EF0033F03D /* Main.storyboard */ = {
			isa = PBXVariantGroup;
			children = (
				1864A0331BFDC6EF0033F03D /* Base */,
			);
			name = Main.storyboard;
			sourceTree = "<group>";
		};
		1864A0371BFDC6EF0033F03D /* LaunchScreen.storyboard */ = {
			isa = PBXVariantGroup;
			children = (
				1864A0381BFDC6EF0033F03D /* Base */,
			);
			name = LaunchScreen.storyboard;
			sourceTree = "<group>";
		};
/* End PBXVariantGroup section */

/* Begin XCBuildConfiguration section */
		1864A0511BFDC6EF0033F03D /* Debug */ = {
			isa = XCBuildConfiguration;
			buildSettings = {
				ALWAYS_SEARCH_USER_PATHS = NO;
				CLANG_CXX_LANGUAGE_STANDARD = "gnu++0x";
				CLANG_CXX_LIBRARY = "libc++";
				CLANG_ENABLE_MODULES = YES;
				CLANG_ENABLE_OBJC_ARC = YES;
				CLANG_WARN_BOOL_CONVERSION = YES;
				CLANG_WARN_CONSTANT_CONVERSION = YES;
				CLANG_WARN_DIRECT_OBJC_ISA_USAGE = YES_ERROR;
				CLANG_WARN_EMPTY_BODY = YES;
				CLANG_WARN_ENUM_CONVERSION = YES;
				CLANG_WARN_INT_CONVERSION = YES;
				CLANG_WARN_OBJC_ROOT_CLASS = YES_ERROR;
				CLANG_WARN_UNREACHABLE_CODE = YES;
				CLANG_WARN__DUPLICATE_METHOD_MATCH = YES;
				"CODE_SIGN_IDENTITY[sdk=iphoneos*]" = "iPhone Developer";
				COPY_PHASE_STRIP = NO;
				DEBUG_INFORMATION_FORMAT = dwarf;
				ENABLE_STRICT_OBJC_MSGSEND = YES;
				ENABLE_TESTABILITY = YES;
				GCC_C_LANGUAGE_STANDARD = gnu99;
				GCC_DYNAMIC_NO_PIC = NO;
				GCC_NO_COMMON_BLOCKS = YES;
				GCC_OPTIMIZATION_LEVEL = 0;
				GCC_PREPROCESSOR_DEFINITIONS = (
					"DEBUG=1",
					"$(inherited)",
				);
				GCC_WARN_64_TO_32_BIT_CONVERSION = YES;
				GCC_WARN_ABOUT_RETURN_TYPE = YES_ERROR;
				GCC_WARN_UNDECLARED_SELECTOR = YES;
				GCC_WARN_UNINITIALIZED_AUTOS = YES_AGGRESSIVE;
				GCC_WARN_UNUSED_FUNCTION = YES;
				GCC_WARN_UNUSED_VARIABLE = YES;
				IPHONEOS_DEPLOYMENT_TARGET = 9.1;
				MTL_ENABLE_DEBUG_INFO = YES;
				ONLY_ACTIVE_ARCH = YES;
				SDKROOT = iphoneos;
				SWIFT_OPTIMIZATION_LEVEL = "-Onone";
			};
			name = Debug;
		};
		1864A0521BFDC6EF0033F03D /* Release */ = {
			isa = XCBuildConfiguration;
			buildSettings = {
				ALWAYS_SEARCH_USER_PATHS = NO;
				CLANG_CXX_LANGUAGE_STANDARD = "gnu++0x";
				CLANG_CXX_LIBRARY = "libc++";
				CLANG_ENABLE_MODULES = YES;
				CLANG_ENABLE_OBJC_ARC = YES;
				CLANG_WARN_BOOL_CONVERSION = YES;
				CLANG_WARN_CONSTANT_CONVERSION = YES;
				CLANG_WARN_DIRECT_OBJC_ISA_USAGE = YES_ERROR;
				CLANG_WARN_EMPTY_BODY = YES;
				CLANG_WARN_ENUM_CONVERSION = YES;
				CLANG_WARN_INT_CONVERSION = YES;
				CLANG_WARN_OBJC_ROOT_CLASS = YES_ERROR;
				CLANG_WARN_UNREACHABLE_CODE = YES;
				CLANG_WARN__DUPLICATE_METHOD_MATCH = YES;
				"CODE_SIGN_IDENTITY[sdk=iphoneos*]" = "iPhone Developer";
				COPY_PHASE_STRIP = NO;
				DEBUG_INFORMATION_FORMAT = "dwarf-with-dsym";
				ENABLE_NS_ASSERTIONS = NO;
				ENABLE_STRICT_OBJC_MSGSEND = YES;
				GCC_C_LANGUAGE_STANDARD = gnu99;
				GCC_NO_COMMON_BLOCKS = YES;
				GCC_WARN_64_TO_32_BIT_CONVERSION = YES;
				GCC_WARN_ABOUT_RETURN_TYPE = YES_ERROR;
				GCC_WARN_UNDECLARED_SELECTOR = YES;
				GCC_WARN_UNINITIALIZED_AUTOS = YES_AGGRESSIVE;
				GCC_WARN_UNUSED_FUNCTION = YES;
				GCC_WARN_UNUSED_VARIABLE = YES;
				IPHONEOS_DEPLOYMENT_TARGET = 9.1;
				MTL_ENABLE_DEBUG_INFO = NO;
				SDKROOT = iphoneos;
				VALIDATE_PRODUCT = YES;
			};
			name = Release;
		};
		1864A0541BFDC6EF0033F03D /* Debug */ = {
			isa = XCBuildConfiguration;
			buildSettings = {
				ASSETCATALOG_COMPILER_APPICON_NAME = AppIcon;
				INFOPLIST_FILE = hello/Info.plist;
				LD_RUNPATH_SEARCH_PATHS = "$(inherited) @executable_path/Frameworks";
				PRODUCT_BUNDLE_IDENTIFIER = com.hy.hello;
				PRODUCT_NAME = "$(TARGET_NAME)";
			};
			name = Debug;
		};
		1864A0551BFDC6EF0033F03D /* Release */ = {
			isa = XCBuildConfiguration;
			buildSettings = {
				ASSETCATALOG_COMPILER_APPICON_NAME = AppIcon;
				INFOPLIST_FILE = hello/Info.plist;
				LD_RUNPATH_SEARCH_PATHS = "$(inherited) @executable_path/Frameworks";
				PRODUCT_BUNDLE_IDENTIFIER = com.hy.hello;
				PRODUCT_NAME = "$(TARGET_NAME)";
			};
			name = Release;
		};
		1864A0571BFDC6EF0033F03D /* Debug */ = {
			isa = XCBuildConfiguration;
			buildSettings = {
				BUNDLE_LOADER = "$(TEST_HOST)";
				INFOPLIST_FILE = helloTests/Info.plist;
				LD_RUNPATH_SEARCH_PATHS = "$(inherited) @executable_path/Frameworks @loader_path/Frameworks";
				PRODUCT_BUNDLE_IDENTIFIER = com.hy.helloTests;
				PRODUCT_NAME = "$(TARGET_NAME)";
				TEST_HOST = "$(BUILT_PRODUCTS_DIR)/hello.app/hello";
			};
			name = Debug;
		};
		1864A0581BFDC6EF0033F03D /* Release */ = {
			isa = XCBuildConfiguration;
			buildSettings = {
				BUNDLE_LOADER = "$(TEST_HOST)";
				INFOPLIST_FILE = helloTests/Info.plist;
				LD_RUNPATH_SEARCH_PATHS = "$(inherited) @executable_path/Frameworks @loader_path/Frameworks";
				PRODUCT_BUNDLE_IDENTIFIER = com.hy.helloTests;
				PRODUCT_NAME = "$(TARGET_NAME)";
				TEST_HOST = "$(BUILT_PRODUCTS_DIR)/hello.app/hello";
			};
			name = Release;
		};
		1864A05A1BFDC6EF0033F03D /* Debug */ = {
			isa = XCBuildConfiguration;
			buildSettings = {
				INFOPLIST_FILE = helloUITests/Info.plist;
				LD_RUNPATH_SEARCH_PATHS = "$(inherited) @executable_path/Frameworks @loader_path/Frameworks";
				PRODUCT_BUNDLE_IDENTIFIER = com.hy.helloUITests;
				PRODUCT_NAME = "$(TARGET_NAME)";
				TEST_TARGET_NAME = hello;
				USES_XCTRUNNER = YES;
			};
			name = Debug;
		};
		1864A05B1BFDC6EF0033F03D /* Release */ = {
			isa = XCBuildConfiguration;
			buildSettings = {
				INFOPLIST_FILE = helloUITests/Info.plist;
				LD_RUNPATH_SEARCH_PATHS = "$(inherited) @executable_path/Frameworks @loader_path/Frameworks";
				PRODUCT_BUNDLE_IDENTIFIER = com.hy.helloUITests;
				PRODUCT_NAME = "$(TARGET_NAME)";
				TEST_TARGET_NAME = hello;
				USES_XCTRUNNER = YES;
			};
			name = Release;
		};
/* End XCBuildConfiguration section */

/* Begin XCConfigurationList section */
		1864A0261BFDC6EE0033F03D /* Build configuration list for PBXProject "hello" */ = {
			isa = XCConfigurationList;
			buildConfigurations = (
				1864A0511BFDC6EF0033F03D /* Debug */,
				1864A0521BFDC6EF0033F03D /* Release */,
			);
			defaultConfigurationIsVisible = 0;
			defaultConfigurationName = Release;
		};
		1864A0531BFDC6EF0033F03D /* Build configuration list for PBXNativeTarget "hello" */ = {
			isa = XCConfigurationList;
			buildConfigurations = (
				1864A0541BFDC6EF0033F03D /* Debug */,
				1864A0551BFDC6EF0033F03D /* Release */,
			);
			defaultConfigurationIsVisible = 0;
		};
		1864A0561BFDC6EF0033F03D /* Build configuration list for PBXNativeTarget "helloTests" */ = {
			isa = XCConfigurationList;
			buildConfigurations = (
				1864A0571BFDC6EF0033F03D /* Debug */,
				1864A0581BFDC6EF0033F03D /* Release */,
			);
			defaultConfigurationIsVisible = 0;
		};
		1864A0591BFDC6EF0033F03D /* Build configuration list for PBXNativeTarget "helloUITests" */ = {
			isa = XCConfigurationList;
			buildConfigurations = (
				1864A05A1BFDC6EF0033F03D /* Debug */,
				1864A05B1BFDC6EF0033F03D /* Release */,
			);
			defaultConfigurationIsVisible = 0;
		};
/* End XCConfigurationList section */
	};
	rootObject = 1864A0231BFDC6EE0033F03D /* Project object */;
}
